<?xml version="1.0" encoding="utf-8"?>
<Project ToolsVersion="4.0" xmlns="http://schemas.microsoft.com/developer/msbuild/2003">
  <ItemGroup>
    <Filter Include="Source Files">
      <UniqueIdentifier>{d5842cbf-936a-44bf-af56-fd6905c0358d}</UniqueIdentifier>
    </Filter>
    <Filter Include="Header Files">
      <UniqueIdentifier>{930a1663-1314-4ce5-b40b-be5756600a63}</UniqueIdentifier>
    </Filter>
  </ItemGroup>
  <ItemGroup>
    <ClCompile Include="barrier.c">
      <Filter>Source Files</Filter>
    </ClCompile>
    <ClCompile Include="clock.c">
      <Filter>Source Files</Filter>
    </ClCompile>
    <ClCompile Include="cond.c">
      <Filter>Source Files</Filter>
    </ClCompile>
    <ClCompile Include="misc.c">
      <Filter>Source Files</Filter>
    </ClCompile>
    <ClCompile Include="mutex.c">
      <Filter>Source Files</Filter>
    </ClCompile>
    <ClCompile Include="nanosleep.c">
      <Filter>Source Files</Filter>
    </ClCompile>
    <ClCompile Include="ref.c">
      <Filter>Source Files</Filter>
    </ClCompile>
    <ClCompile Include="rwlock.c">
      <Filter>Source Files</Filter>
    </ClCompile>
    <ClCompile Include="sched.c">
      <Filter>Source Files</Filter>
    </ClCompile>
    <ClCompile Include="sem.c">
      <Filter>Source Files</Filter>
    </ClCompile>
    <ClCompile Include="spinlock.c">
      <Filter>Source Files</Filter>
    </ClCompile>
    <ClCompile Include="thread.c">
      <Filter>Source Files</Filter>
    </ClCompile>
  </ItemGroup>
  <ItemGroup>
    <ClInclude Include="barrier.h">
      <Filter>Header Files</Filter>
    </ClInclude>
    <ClInclude Include="cond.h">
      <Filter>Header Files</Filter>
    </ClInclude>
    <ClInclude Include="misc.h">
      <Filter>Header Files</Filter>
    </ClInclude>
    <ClInclude Include="ref.h">
      <Filter>Header Files</Filter>
    </ClInclude>
    <ClInclude Include="rwlock.h">
      <Filter>Header Files</Filter>
    </ClInclude>
    <ClInclude Include="sem.h">
      <Filter>Header Files</Filter>
    </ClInclude>
    <ClInclude Include="thread.h">
      <Filter>Header Files</Filter>
    </ClInclude>
    <ClInclude Include="winpthread_internal.h">
      <Filter>Header Files</Filter>
    </ClInclude>
    <ClInclude Include="wpth_ver.h">
      <Filter>Header Files</Filter>
    </ClInclude>
    <ClInclude Include="..\include\pthread.h">
      <Filter>Header Files</Filter>
    </ClInclude>
    <ClInclude Include="..\include\pthread_compat.h">
      <Filter>Header Files</Filter>
    </ClInclude>
    <ClInclude Include="..\include\pthread_signal.h">
      <Filter>Header Files</Filter>
    </ClInclude>
    <ClInclude Include="..\include\pthread_time.h">
      <Filter>Header Files</Filter>
    </ClInclude>
    <ClInclude Include="..\include\pthread_unistd.h">
      <Filter>Header Files</Filter>
    </ClInclude>
    <ClInclude Include="..\include\sched.h">
      <Filter>Header Files</Filter>
    </ClInclude>
    <ClInclude Include="..\include\semaphore.h">
      <Filter>Header Files</Filter>
    </ClInclude>
  </ItemGroup>
</Project>